// !$*UTF8*$!
{
	archiveVersion = 1;
	classes = {
	};
	objectVersion = 46;
	objects = {

/* Begin PBXBuildFile section */
		102434E41F6EA7C300E910F6 /* DayViewController.swift in Sources */ = {isa = PBXBuildFile; fileRef = 102434E31F6EA7C300E910F6 /* DayViewController.swift */; };
		102434E61F6EA7E100E910F6 /* DayView.storyboard in Resources */ = {isa = PBXBuildFile; fileRef = 102434E51F6EA7E100E910F6 /* DayView.storyboard */; };
		102434EA1F6EAD6900E910F6 /* DayViewCell.swift in Sources */ = {isa = PBXBuildFile; fileRef = 102434E81F6EAD6900E910F6 /* DayViewCell.swift */; };
		102434EB1F6EAD6900E910F6 /* DayViewCell.xib in Resources */ = {isa = PBXBuildFile; fileRef = 102434E91F6EAD6900E910F6 /* DayViewCell.xib */; };
		102434ED1F6EADB400E910F6 /* DayViewProvider.swift in Sources */ = {isa = PBXBuildFile; fileRef = 102434EC1F6EADB400E910F6 /* DayViewProvider.swift */; };
		102434EF1F6EB3C700E910F6 /* DayViewSettings.swift in Sources */ = {isa = PBXBuildFile; fileRef = 102434EE1F6EB3C700E910F6 /* DayViewSettings.swift */; };
		102434F11F6EBA7200E910F6 /* DayViewProviderTests.swift in Sources */ = {isa = PBXBuildFile; fileRef = 102434F01F6EBA7200E910F6 /* DayViewProviderTests.swift */; };
		1054FAB21F4138BF003672DE /* AppDelegate.swift in Sources */ = {isa = PBXBuildFile; fileRef = 1054FAB11F4138BF003672DE /* AppDelegate.swift */; };
		1054FAB41F4138BF003672DE /* MonthViewController.swift in Sources */ = {isa = PBXBuildFile; fileRef = 1054FAB31F4138BF003672DE /* MonthViewController.swift */; };
		1054FAB71F4138BF003672DE /* MonthViewController.storyboard in Resources */ = {isa = PBXBuildFile; fileRef = 1054FAB51F4138BF003672DE /* MonthViewController.storyboard */; };
		1054FAB91F4138BF003672DE /* Assets.xcassets in Resources */ = {isa = PBXBuildFile; fileRef = 1054FAB81F4138BF003672DE /* Assets.xcassets */; };
		1054FABC1F4138BF003672DE /* LaunchScreen.storyboard in Resources */ = {isa = PBXBuildFile; fileRef = 1054FABA1F4138BF003672DE /* LaunchScreen.storyboard */; };
		1054FAD21F4138BF003672DE /* ScheduleAppUITests.swift in Sources */ = {isa = PBXBuildFile; fileRef = 1054FAD11F4138BF003672DE /* ScheduleAppUITests.swift */; };
		1054FAED1F413F0D003672DE /* FMDBHelper.swift in Sources */ = {isa = PBXBuildFile; fileRef = 1054FAEC1F413F0D003672DE /* FMDBHelper.swift */; };
		1054FAF01F413F7F003672DE /* String+Path.swift in Sources */ = {isa = PBXBuildFile; fileRef = 1054FAEF1F413F7F003672DE /* String+Path.swift */; };
		1054FAF21F413FBA003672DE /* ScheduleDto.swift in Sources */ = {isa = PBXBuildFile; fileRef = 1054FAF11F413FBA003672DE /* ScheduleDto.swift */; };
		1054FAF41F413FE6003672DE /* ScheduleDao.swift in Sources */ = {isa = PBXBuildFile; fileRef = 1054FAF31F413FE6003672DE /* ScheduleDao.swift */; };
		1054FAF61F414027003672DE /* ScheduleDaoTest.swift in Sources */ = {isa = PBXBuildFile; fileRef = 1054FAF51F414027003672DE /* ScheduleDaoTest.swift */; };
		10583E531F6965A500F1E600 /* String+Localized.swift in Sources */ = {isa = PBXBuildFile; fileRef = 10583E521F6965A500F1E600 /* String+Localized.swift */; };
		10583E561F69668100F1E600 /* Localizable.strings in Resources */ = {isa = PBXBuildFile; fileRef = 10583E581F69668100F1E600 /* Localizable.strings */; };
		10583E5C1F69747500F1E600 /* ScheduleView.strings in Resources */ = {isa = PBXBuildFile; fileRef = 10583E5E1F69747500F1E600 /* ScheduleView.strings */; };
		10583E611F69779E00F1E600 /* ScheduleViewController.swift in Sources */ = {isa = PBXBuildFile; fileRef = 10583E601F69779E00F1E600 /* ScheduleViewController.swift */; };
		10583E631F6977D500F1E600 /* ScheduleView.storyboard in Resources */ = {isa = PBXBuildFile; fileRef = 10583E621F6977D500F1E600 /* ScheduleView.storyboard */; };
		1085E4A51F4A5D75005C020C /* MonthViewFlowLayout.swift in Sources */ = {isa = PBXBuildFile; fileRef = 1085E4A41F4A5D75005C020C /* MonthViewFlowLayout.swift */; };
		1085E4A71F4B1EF4005C020C /* Date+Calc.swift in Sources */ = {isa = PBXBuildFile; fileRef = 1085E4A61F4B1EF4005C020C /* Date+Calc.swift */; };
		1085E4A91F4B2013005C020C /* DateExtensionTest.swift in Sources */ = {isa = PBXBuildFile; fileRef = 1085E4A81F4B2013005C020C /* DateExtensionTest.swift */; };
		108B2FD91F8B87E000925A69 /* ViewController+Create.swift in Sources */ = {isa = PBXBuildFile; fileRef = 108B2FD81F8B87E000925A69 /* ViewController+Create.swift */; };
		108D2AD41F49C03100224DE9 /* MonthViewSettings.swift in Sources */ = {isa = PBXBuildFile; fileRef = 108D2AD31F49C03100224DE9 /* MonthViewSettings.swift */; };
		108D2AD61F49C90900224DE9 /* Utility.swift in Sources */ = {isa = PBXBuildFile; fileRef = 108D2AD51F49C90900224DE9 /* Utility.swift */; };
		108D2AD81F49C99900224DE9 /* UtilityTest.swift in Sources */ = {isa = PBXBuildFile; fileRef = 108D2AD71F49C99900224DE9 /* UtilityTest.swift */; };
		109AD4221F73F2620051B56B /* Array+Unique.swift in Sources */ = {isa = PBXBuildFile; fileRef = 109AD4211F73F2620051B56B /* Array+Unique.swift */; };
		109AD4241F76AD610051B56B /* DayViewCellTest.swift in Sources */ = {isa = PBXBuildFile; fileRef = 109AD4231F76AD610051B56B /* DayViewCellTest.swift */; };
		109C0A3D1F8080A200BC4F48 /* TestUtility.swift in Sources */ = {isa = PBXBuildFile; fileRef = 109C0A3C1F8080A200BC4F48 /* TestUtility.swift */; };
		10DC3C551F6525F400FE7828 /* IndicatorDataProvider.swift in Sources */ = {isa = PBXBuildFile; fileRef = 10DC3C541F6525F400FE7828 /* IndicatorDataProvider.swift */; };
		10DC3C591F66259400FE7828 /* IndicatorDataProviderTest.swift in Sources */ = {isa = PBXBuildFile; fileRef = 10DC3C581F66259400FE7828 /* IndicatorDataProviderTest.swift */; };
		10F64A341F45D2B80078953F /* MonthViewCell.swift in Sources */ = {isa = PBXBuildFile; fileRef = 10F64A321F45D2B80078953F /* MonthViewCell.swift */; };
		10F64A351F45D2B80078953F /* MonthViewCell.xib in Resources */ = {isa = PBXBuildFile; fileRef = 10F64A331F45D2B80078953F /* MonthViewCell.xib */; };
		10FDBABA1F5A8FAA00D627B1 /* CommonDefines.swift in Sources */ = {isa = PBXBuildFile; fileRef = 10FDBAB91F5A8FAA00D627B1 /* CommonDefines.swift */; };
		10FDBABE1F5A96E800D627B1 /* TestCommonDefines.swift in Sources */ = {isa = PBXBuildFile; fileRef = 10FDBABD1F5A96E800D627B1 /* TestCommonDefines.swift */; };
		562C8C1723E0881B01FB7A4D /* Pods_ScheduleAppTests.framework in Frameworks */ = {isa = PBXBuildFile; fileRef = 896C63CD2EF55B42B8F18335 /* Pods_ScheduleAppTests.framework */; };
		5A1235613E6126A001E43E0F /* Pods_ScheduleApp.framework in Frameworks */ = {isa = PBXBuildFile; fileRef = E28135D4D7CE518A4492CD69 /* Pods_ScheduleApp.framework */; };
		82E74ECECA716EB6EB0754F5 /* Pods_ScheduleAppUITests.framework in Frameworks */ = {isa = PBXBuildFile; fileRef = D37A602958A81EF77CCAF8A0 /* Pods_ScheduleAppUITests.framework */; };
		E0436A861F4673C9001C8676 /* MonthViewProvider.swift in Sources */ = {isa = PBXBuildFile; fileRef = E0436A851F4673C9001C8676 /* MonthViewProvider.swift */; };
		E0436A881F467A37001C8676 /* MonthViewProviderTest.swift in Sources */ = {isa = PBXBuildFile; fileRef = E0436A871F467A37001C8676 /* MonthViewProviderTest.swift */; };
		E0436A8A1F4685AB001C8676 /* MonthViewCellTest.swift in Sources */ = {isa = PBXBuildFile; fileRef = E0436A891F4685AB001C8676 /* MonthViewCellTest.swift */; };
/* End PBXBuildFile section */

/* Begin PBXContainerItemProxy section */
		1054FAC31F4138BF003672DE /* PBXContainerItemProxy */ = {
			isa = PBXContainerItemProxy;
			containerPortal = 1054FAA61F4138BF003672DE /* Project object */;
			proxyType = 1;
			remoteGlobalIDString = 1054FAAD1F4138BF003672DE;
			remoteInfo = ScheduleApp;
		};
		1054FACE1F4138BF003672DE /* PBXContainerItemProxy */ = {
			isa = PBXContainerItemProxy;
			containerPortal = 1054FAA61F4138BF003672DE /* Project object */;
			proxyType = 1;
			remoteGlobalIDString = 1054FAAD1F4138BF003672DE;
			remoteInfo = ScheduleApp;
		};
/* End PBXContainerItemProxy section */

/* Begin PBXFileReference section */
		102434E31F6EA7C300E910F6 /* DayViewController.swift */ = {isa = PBXFileReference; fileEncoding = 4; lastKnownFileType = sourcecode.swift; path = DayViewController.swift; sourceTree = "<group>"; };
		102434E51F6EA7E100E910F6 /* DayView.storyboard */ = {isa = PBXFileReference; fileEncoding = 4; lastKnownFileType = file.storyboard; path = DayView.storyboard; sourceTree = "<group>"; };
		102434E81F6EAD6900E910F6 /* DayViewCell.swift */ = {isa = PBXFileReference; fileEncoding = 4; lastKnownFileType = sourcecode.swift; name = DayViewCell.swift; path = DayView/DayViewCell.swift; sourceTree = "<group>"; };
		102434E91F6EAD6900E910F6 /* DayViewCell.xib */ = {isa = PBXFileReference; fileEncoding = 4; lastKnownFileType = file.xib; name = DayViewCell.xib; path = DayView/DayViewCell.xib; sourceTree = "<group>"; };
		102434EC1F6EADB400E910F6 /* DayViewProvider.swift */ = {isa = PBXFileReference; fileEncoding = 4; lastKnownFileType = sourcecode.swift; name = DayViewProvider.swift; path = DayView/DayViewProvider.swift; sourceTree = "<group>"; };
		102434EE1F6EB3C700E910F6 /* DayViewSettings.swift */ = {isa = PBXFileReference; fileEncoding = 4; lastKnownFileType = sourcecode.swift; name = DayViewSettings.swift; path = DayView/DayViewSettings.swift; sourceTree = "<group>"; };
		102434F01F6EBA7200E910F6 /* DayViewProviderTests.swift */ = {isa = PBXFileReference; fileEncoding = 4; lastKnownFileType = sourcecode.swift; path = DayViewProviderTests.swift; sourceTree = "<group>"; };
		1054FAAE1F4138BF003672DE /* ScheduleApp.app */ = {isa = PBXFileReference; explicitFileType = wrapper.application; includeInIndex = 0; path = ScheduleApp.app; sourceTree = BUILT_PRODUCTS_DIR; };
		1054FAB11F4138BF003672DE /* AppDelegate.swift */ = {isa = PBXFileReference; lastKnownFileType = sourcecode.swift; path = AppDelegate.swift; sourceTree = "<group>"; };
		1054FAB31F4138BF003672DE /* MonthViewController.swift */ = {isa = PBXFileReference; lastKnownFileType = sourcecode.swift; path = MonthViewController.swift; sourceTree = "<group>"; };
		1054FAB61F4138BF003672DE /* Base */ = {isa = PBXFileReference; lastKnownFileType = file.storyboard; name = Base; path = Base.lproj/MonthViewController.storyboard; sourceTree = "<group>"; };
		1054FAB81F4138BF003672DE /* Assets.xcassets */ = {isa = PBXFileReference; lastKnownFileType = folder.assetcatalog; path = Assets.xcassets; sourceTree = "<group>"; };
		1054FABB1F4138BF003672DE /* Base */ = {isa = PBXFileReference; lastKnownFileType = file.storyboard; name = Base; path = Base.lproj/LaunchScreen.storyboard; sourceTree = "<group>"; };
		1054FABD1F4138BF003672DE /* Info.plist */ = {isa = PBXFileReference; lastKnownFileType = text.plist.xml; path = Info.plist; sourceTree = "<group>"; };
		1054FAC21F4138BF003672DE /* ScheduleAppTests.xctest */ = {isa = PBXFileReference; explicitFileType = wrapper.cfbundle; includeInIndex = 0; path = ScheduleAppTests.xctest; sourceTree = BUILT_PRODUCTS_DIR; };
		1054FAC81F4138BF003672DE /* Info.plist */ = {isa = PBXFileReference; lastKnownFileType = text.plist.xml; path = Info.plist; sourceTree = "<group>"; };
		1054FACD1F4138BF003672DE /* ScheduleAppUITests.xctest */ = {isa = PBXFileReference; explicitFileType = wrapper.cfbundle; includeInIndex = 0; path = ScheduleAppUITests.xctest; sourceTree = BUILT_PRODUCTS_DIR; };
		1054FAD11F4138BF003672DE /* ScheduleAppUITests.swift */ = {isa = PBXFileReference; lastKnownFileType = sourcecode.swift; path = ScheduleAppUITests.swift; sourceTree = "<group>"; };
		1054FAD31F4138BF003672DE /* Info.plist */ = {isa = PBXFileReference; lastKnownFileType = text.plist.xml; path = Info.plist; sourceTree = "<group>"; };
		1054FAEC1F413F0D003672DE /* FMDBHelper.swift */ = {isa = PBXFileReference; fileEncoding = 4; lastKnownFileType = sourcecode.swift; path = FMDBHelper.swift; sourceTree = "<group>"; };
		1054FAEF1F413F7F003672DE /* String+Path.swift */ = {isa = PBXFileReference; fileEncoding = 4; lastKnownFileType = sourcecode.swift; path = "String+Path.swift"; sourceTree = "<group>"; };
		1054FAF11F413FBA003672DE /* ScheduleDto.swift */ = {isa = PBXFileReference; fileEncoding = 4; lastKnownFileType = sourcecode.swift; path = ScheduleDto.swift; sourceTree = "<group>"; };
		1054FAF31F413FE6003672DE /* ScheduleDao.swift */ = {isa = PBXFileReference; fileEncoding = 4; lastKnownFileType = sourcecode.swift; path = ScheduleDao.swift; sourceTree = "<group>"; };
		1054FAF51F414027003672DE /* ScheduleDaoTest.swift */ = {isa = PBXFileReference; fileEncoding = 4; lastKnownFileType = sourcecode.swift; path = ScheduleDaoTest.swift; sourceTree = "<group>"; };
		10583E521F6965A500F1E600 /* String+Localized.swift */ = {isa = PBXFileReference; fileEncoding = 4; lastKnownFileType = sourcecode.swift; name = "String+Localized.swift"; path = "Extensions/String+Localized.swift"; sourceTree = "<group>"; };
		10583E571F69668100F1E600 /* Base */ = {isa = PBXFileReference; lastKnownFileType = text.plist.strings; name = Base; path = Base.lproj/Localizable.strings; sourceTree = "<group>"; };
		10583E591F6966A400F1E600 /* ja */ = {isa = PBXFileReference; lastKnownFileType = text.plist.strings; name = ja; path = ja.lproj/Localizable.strings; sourceTree = "<group>"; };
		10583E5D1F69747500F1E600 /* Base */ = {isa = PBXFileReference; lastKnownFileType = text.plist.strings; name = Base; path = Base.lproj/ScheduleView.strings; sourceTree = "<group>"; };
		10583E5F1F6974FE00F1E600 /* ja */ = {isa = PBXFileReference; lastKnownFileType = text.plist.strings; name = ja; path = ja.lproj/ScheduleView.strings; sourceTree = "<group>"; };
		10583E601F69779E00F1E600 /* ScheduleViewController.swift */ = {isa = PBXFileReference; fileEncoding = 4; lastKnownFileType = sourcecode.swift; path = ScheduleViewController.swift; sourceTree = "<group>"; };
		10583E621F6977D500F1E600 /* ScheduleView.storyboard */ = {isa = PBXFileReference; fileEncoding = 4; lastKnownFileType = file.storyboard; path = ScheduleView.storyboard; sourceTree = "<group>"; };
		1085E4A41F4A5D75005C020C /* MonthViewFlowLayout.swift */ = {isa = PBXFileReference; fileEncoding = 4; lastKnownFileType = sourcecode.swift; name = MonthViewFlowLayout.swift; path = MonthView/MonthViewFlowLayout.swift; sourceTree = "<group>"; };
		1085E4A61F4B1EF4005C020C /* Date+Calc.swift */ = {isa = PBXFileReference; fileEncoding = 4; lastKnownFileType = sourcecode.swift; name = "Date+Calc.swift"; path = "Extensions/Date+Calc.swift"; sourceTree = "<group>"; };
		1085E4A81F4B2013005C020C /* DateExtensionTest.swift */ = {isa = PBXFileReference; fileEncoding = 4; lastKnownFileType = sourcecode.swift; path = DateExtensionTest.swift; sourceTree = "<group>"; };
		108B2FD81F8B87E000925A69 /* ViewController+Create.swift */ = {isa = PBXFileReference; fileEncoding = 4; lastKnownFileType = sourcecode.swift; name = "ViewController+Create.swift"; path = "Extensions/ViewController+Create.swift"; sourceTree = "<group>"; };
		108D2AD31F49C03100224DE9 /* MonthViewSettings.swift */ = {isa = PBXFileReference; fileEncoding = 4; lastKnownFileType = sourcecode.swift; name = MonthViewSettings.swift; path = MonthView/MonthViewSettings.swift; sourceTree = "<group>"; };
		108D2AD51F49C90900224DE9 /* Utility.swift */ = {isa = PBXFileReference; fileEncoding = 4; lastKnownFileType = sourcecode.swift; path = Utility.swift; sourceTree = "<group>"; };
		108D2AD71F49C99900224DE9 /* UtilityTest.swift */ = {isa = PBXFileReference; fileEncoding = 4; lastKnownFileType = sourcecode.swift; path = UtilityTest.swift; sourceTree = "<group>"; };
		109AD4211F73F2620051B56B /* Array+Unique.swift */ = {isa = PBXFileReference; fileEncoding = 4; lastKnownFileType = sourcecode.swift; name = "Array+Unique.swift"; path = "Extensions/Array+Unique.swift"; sourceTree = "<group>"; };
		109AD4231F76AD610051B56B /* DayViewCellTest.swift */ = {isa = PBXFileReference; fileEncoding = 4; lastKnownFileType = sourcecode.swift; path = DayViewCellTest.swift; sourceTree = "<group>"; };
		109C0A3C1F8080A200BC4F48 /* TestUtility.swift */ = {isa = PBXFileReference; fileEncoding = 4; lastKnownFileType = sourcecode.swift; path = TestUtility.swift; sourceTree = "<group>"; };
		10DC3C541F6525F400FE7828 /* IndicatorDataProvider.swift */ = {isa = PBXFileReference; fileEncoding = 4; lastKnownFileType = sourcecode.swift; name = IndicatorDataProvider.swift; path = MonthView/IndicatorDataProvider.swift; sourceTree = "<group>"; };
		10DC3C581F66259400FE7828 /* IndicatorDataProviderTest.swift */ = {isa = PBXFileReference; fileEncoding = 4; lastKnownFileType = sourcecode.swift; path = IndicatorDataProviderTest.swift; sourceTree = "<group>"; };
		10F64A321F45D2B80078953F /* MonthViewCell.swift */ = {isa = PBXFileReference; fileEncoding = 4; lastKnownFileType = sourcecode.swift; name = MonthViewCell.swift; path = MonthView/MonthViewCell.swift; sourceTree = "<group>"; };
		10F64A331F45D2B80078953F /* MonthViewCell.xib */ = {isa = PBXFileReference; fileEncoding = 4; lastKnownFileType = file.xib; name = MonthViewCell.xib; path = MonthView/MonthViewCell.xib; sourceTree = "<group>"; };
		10FDBAB91F5A8FAA00D627B1 /* CommonDefines.swift */ = {isa = PBXFileReference; fileEncoding = 4; lastKnownFileType = sourcecode.swift; path = CommonDefines.swift; sourceTree = "<group>"; };
		10FDBABD1F5A96E800D627B1 /* TestCommonDefines.swift */ = {isa = PBXFileReference; fileEncoding = 4; lastKnownFileType = sourcecode.swift; path = TestCommonDefines.swift; sourceTree = "<group>"; };
		2FEF57F6384448A8F72F13E1 /* Pods-ScheduleApp.debug.xcconfig */ = {isa = PBXFileReference; includeInIndex = 1; lastKnownFileType = text.xcconfig; name = "Pods-ScheduleApp.debug.xcconfig"; path = "Pods/Target Support Files/Pods-ScheduleApp/Pods-ScheduleApp.debug.xcconfig"; sourceTree = "<group>"; };
		40A1475122B7064E01D12891 /* Pods-ScheduleAppUITests.debug.xcconfig */ = {isa = PBXFileReference; includeInIndex = 1; lastKnownFileType = text.xcconfig; name = "Pods-ScheduleAppUITests.debug.xcconfig"; path = "Pods/Target Support Files/Pods-ScheduleAppUITests/Pods-ScheduleAppUITests.debug.xcconfig"; sourceTree = "<group>"; };
		438B0B5C24734DBAAC2BE292 /* Pods-ScheduleAppUITests.release.xcconfig */ = {isa = PBXFileReference; includeInIndex = 1; lastKnownFileType = text.xcconfig; name = "Pods-ScheduleAppUITests.release.xcconfig"; path = "Pods/Target Support Files/Pods-ScheduleAppUITests/Pods-ScheduleAppUITests.release.xcconfig"; sourceTree = "<group>"; };
		5CFBCF4C0F2F23980A8A0B0B /* Pods-ScheduleApp.release.xcconfig */ = {isa = PBXFileReference; includeInIndex = 1; lastKnownFileType = text.xcconfig; name = "Pods-ScheduleApp.release.xcconfig"; path = "Pods/Target Support Files/Pods-ScheduleApp/Pods-ScheduleApp.release.xcconfig"; sourceTree = "<group>"; };
		734AF95035338ECB0359AFB1 /* Pods-ScheduleAppTests.release.xcconfig */ = {isa = PBXFileReference; includeInIndex = 1; lastKnownFileType = text.xcconfig; name = "Pods-ScheduleAppTests.release.xcconfig"; path = "Pods/Target Support Files/Pods-ScheduleAppTests/Pods-ScheduleAppTests.release.xcconfig"; sourceTree = "<group>"; };
		896C63CD2EF55B42B8F18335 /* Pods_ScheduleAppTests.framework */ = {isa = PBXFileReference; explicitFileType = wrapper.framework; includeInIndex = 0; path = Pods_ScheduleAppTests.framework; sourceTree = BUILT_PRODUCTS_DIR; };
		D37A602958A81EF77CCAF8A0 /* Pods_ScheduleAppUITests.framework */ = {isa = PBXFileReference; explicitFileType = wrapper.framework; includeInIndex = 0; path = Pods_ScheduleAppUITests.framework; sourceTree = BUILT_PRODUCTS_DIR; };
		E0436A851F4673C9001C8676 /* MonthViewProvider.swift */ = {isa = PBXFileReference; fileEncoding = 4; lastKnownFileType = sourcecode.swift; name = MonthViewProvider.swift; path = MonthView/MonthViewProvider.swift; sourceTree = "<group>"; };
		E0436A871F467A37001C8676 /* MonthViewProviderTest.swift */ = {isa = PBXFileReference; fileEncoding = 4; lastKnownFileType = sourcecode.swift; path = MonthViewProviderTest.swift; sourceTree = "<group>"; };
		E0436A891F4685AB001C8676 /* MonthViewCellTest.swift */ = {isa = PBXFileReference; fileEncoding = 4; lastKnownFileType = sourcecode.swift; path = MonthViewCellTest.swift; sourceTree = "<group>"; };
		E28135D4D7CE518A4492CD69 /* Pods_ScheduleApp.framework */ = {isa = PBXFileReference; explicitFileType = wrapper.framework; includeInIndex = 0; path = Pods_ScheduleApp.framework; sourceTree = BUILT_PRODUCTS_DIR; };
		F24E1CC8D68570AF49951ED5 /* Pods-ScheduleAppTests.debug.xcconfig */ = {isa = PBXFileReference; includeInIndex = 1; lastKnownFileType = text.xcconfig; name = "Pods-ScheduleAppTests.debug.xcconfig"; path = "Pods/Target Support Files/Pods-ScheduleAppTests/Pods-ScheduleAppTests.debug.xcconfig"; sourceTree = "<group>"; };
/* End PBXFileReference section */

/* Begin PBXFrameworksBuildPhase section */
		1054FAAB1F4138BF003672DE /* Frameworks */ = {
			isa = PBXFrameworksBuildPhase;
			buildActionMask = 2147483647;
			files = (
				5A1235613E6126A001E43E0F /* Pods_ScheduleApp.framework in Frameworks */,
			);
			runOnlyForDeploymentPostprocessing = 0;
		};
		1054FABF1F4138BF003672DE /* Frameworks */ = {
			isa = PBXFrameworksBuildPhase;
			buildActionMask = 2147483647;
			files = (
				562C8C1723E0881B01FB7A4D /* Pods_ScheduleAppTests.framework in Frameworks */,
			);
			runOnlyForDeploymentPostprocessing = 0;
		};
		1054FACA1F4138BF003672DE /* Frameworks */ = {
			isa = PBXFrameworksBuildPhase;
			buildActionMask = 2147483647;
			files = (
				82E74ECECA716EB6EB0754F5 /* Pods_ScheduleAppUITests.framework in Frameworks */,
			);
			runOnlyForDeploymentPostprocessing = 0;
		};
/* End PBXFrameworksBuildPhase section */

/* Begin PBXGroup section */
		102434E71F6EAD2700E910F6 /* DayView */ = {
			isa = PBXGroup;
			children = (
				102434E81F6EAD6900E910F6 /* DayViewCell.swift */,
				102434E91F6EAD6900E910F6 /* DayViewCell.xib */,
				102434EC1F6EADB400E910F6 /* DayViewProvider.swift */,
				102434EE1F6EB3C700E910F6 /* DayViewSettings.swift */,
			);
			name = DayView;
			sourceTree = "<group>";
		};
		1054FAA51F4138BF003672DE = {
			isa = PBXGroup;
			children = (
				1054FAAF1F4138BF003672DE /* Products */,
				1054FAB01F4138BF003672DE /* ScheduleApp */,
				1054FAC51F4138BF003672DE /* ScheduleAppTests */,
				1054FAD01F4138BF003672DE /* ScheduleAppUITests */,
				C2CC1A51B72E0D03AAA06C0F /* Pods */,
				94DED84B7010E1EAA2C962C4 /* Frameworks */,
			);
			sourceTree = "<group>";
		};
		1054FAAF1F4138BF003672DE /* Products */ = {
			isa = PBXGroup;
			children = (
				1054FAAE1F4138BF003672DE /* ScheduleApp.app */,
				1054FAC21F4138BF003672DE /* ScheduleAppTests.xctest */,
				1054FACD1F4138BF003672DE /* ScheduleAppUITests.xctest */,
			);
			name = Products;
			sourceTree = "<group>";
		};
		1054FAB01F4138BF003672DE /* ScheduleApp */ = {
			isa = PBXGroup;
			children = (
				1054FAEE1F413F63003672DE /* Extensions */,
				1054FAE01F4138FC003672DE /* Controllers */,
				1054FAE11F413917003672DE /* Models */,
				1054FADF1F4138F0003672DE /* Others */,
				1054FAE21F413927003672DE /* Views */,
			);
			path = ScheduleApp;
			sourceTree = "<group>";
		};
		1054FAC51F4138BF003672DE /* ScheduleAppTests */ = {
			isa = PBXGroup;
			children = (
				109AD4271F76ADD20051B56B /* Infra */,
				109AD4251F76AD740051B56B /* View */,
				109AD4261F76AD830051B56B /* Other */,
			);
			path = ScheduleAppTests;
			sourceTree = "<group>";
		};
		1054FAD01F4138BF003672DE /* ScheduleAppUITests */ = {
			isa = PBXGroup;
			children = (
				1054FAD31F4138BF003672DE /* Info.plist */,
				1054FAD11F4138BF003672DE /* ScheduleAppUITests.swift */,
			);
			path = ScheduleAppUITests;
			sourceTree = "<group>";
		};
		1054FADF1F4138F0003672DE /* Others */ = {
			isa = PBXGroup;
			children = (
				108D2AD51F49C90900224DE9 /* Utility.swift */,
				1054FAB11F4138BF003672DE /* AppDelegate.swift */,
				1054FAB81F4138BF003672DE /* Assets.xcassets */,
				1054FABD1F4138BF003672DE /* Info.plist */,
				10FDBAB91F5A8FAA00D627B1 /* CommonDefines.swift */,
				10583E581F69668100F1E600 /* Localizable.strings */,
				10583E5E1F69747500F1E600 /* ScheduleView.strings */,
			);
			path = Others;
			sourceTree = "<group>";
		};
		1054FAE01F4138FC003672DE /* Controllers */ = {
			isa = PBXGroup;
			children = (
				1054FAB31F4138BF003672DE /* MonthViewController.swift */,
				1054FAB51F4138BF003672DE /* MonthViewController.storyboard */,
				102434E31F6EA7C300E910F6 /* DayViewController.swift */,
				102434E51F6EA7E100E910F6 /* DayView.storyboard */,
				10583E601F69779E00F1E600 /* ScheduleViewController.swift */,
				10583E621F6977D500F1E600 /* ScheduleView.storyboard */,
			);
			path = Controllers;
			sourceTree = "<group>";
		};
		1054FAE11F413917003672DE /* Models */ = {
			isa = PBXGroup;
			children = (
				1054FAF31F413FE6003672DE /* ScheduleDao.swift */,
				1054FAF11F413FBA003672DE /* ScheduleDto.swift */,
				1054FAEC1F413F0D003672DE /* FMDBHelper.swift */,
			);
			path = Models;
			sourceTree = "<group>";
		};
		1054FAE21F413927003672DE /* Views */ = {
			isa = PBXGroup;
			children = (
				1054FABA1F4138BF003672DE /* LaunchScreen.storyboard */,
				10F64A311F45D21A0078953F /* MonthView */,
				102434E71F6EAD2700E910F6 /* DayView */,
			);
			path = Views;
			sourceTree = "<group>";
		};
		1054FAEE1F413F63003672DE /* Extensions */ = {
			isa = PBXGroup;
			children = (
				1054FAEF1F413F7F003672DE /* String+Path.swift */,
				1085E4A61F4B1EF4005C020C /* Date+Calc.swift */,
				10583E521F6965A500F1E600 /* String+Localized.swift */,
				109AD4211F73F2620051B56B /* Array+Unique.swift */,
				108B2FD81F8B87E000925A69 /* ViewController+Create.swift */,
			);
			name = Extensions;
			sourceTree = "<group>";
		};
		109AD4251F76AD740051B56B /* View */ = {
			isa = PBXGroup;
			children = (
				E0436A871F467A37001C8676 /* MonthViewProviderTest.swift */,
				E0436A891F4685AB001C8676 /* MonthViewCellTest.swift */,
				10DC3C581F66259400FE7828 /* IndicatorDataProviderTest.swift */,
				102434F01F6EBA7200E910F6 /* DayViewProviderTests.swift */,
				109AD4231F76AD610051B56B /* DayViewCellTest.swift */,
			);
			name = View;
			sourceTree = "<group>";
		};
		109AD4261F76AD830051B56B /* Other */ = {
			isa = PBXGroup;
			children = (
				1054FAC81F4138BF003672DE /* Info.plist */,
				10FDBABD1F5A96E800D627B1 /* TestCommonDefines.swift */,
				109C0A3C1F8080A200BC4F48 /* TestUtility.swift */,
			);
			name = Other;
			sourceTree = "<group>";
		};
		109AD4271F76ADD20051B56B /* Infra */ = {
			isa = PBXGroup;
			children = (
				1054FAF51F414027003672DE /* ScheduleDaoTest.swift */,
				108D2AD71F49C99900224DE9 /* UtilityTest.swift */,
				1085E4A81F4B2013005C020C /* DateExtensionTest.swift */,
			);
			name = Infra;
			sourceTree = "<group>";
		};
		10F64A311F45D21A0078953F /* MonthView */ = {
			isa = PBXGroup;
			children = (
				10F64A321F45D2B80078953F /* MonthViewCell.swift */,
				10F64A331F45D2B80078953F /* MonthViewCell.xib */,
				E0436A851F4673C9001C8676 /* MonthViewProvider.swift */,
				108D2AD31F49C03100224DE9 /* MonthViewSettings.swift */,
				1085E4A41F4A5D75005C020C /* MonthViewFlowLayout.swift */,
				10DC3C541F6525F400FE7828 /* IndicatorDataProvider.swift */,
			);
			name = MonthView;
			sourceTree = "<group>";
		};
		94DED84B7010E1EAA2C962C4 /* Frameworks */ = {
			isa = PBXGroup;
			children = (
				E28135D4D7CE518A4492CD69 /* Pods_ScheduleApp.framework */,
				896C63CD2EF55B42B8F18335 /* Pods_ScheduleAppTests.framework */,
				D37A602958A81EF77CCAF8A0 /* Pods_ScheduleAppUITests.framework */,
			);
			name = Frameworks;
			sourceTree = "<group>";
		};
		C2CC1A51B72E0D03AAA06C0F /* Pods */ = {
			isa = PBXGroup;
			children = (
				2FEF57F6384448A8F72F13E1 /* Pods-ScheduleApp.debug.xcconfig */,
				5CFBCF4C0F2F23980A8A0B0B /* Pods-ScheduleApp.release.xcconfig */,
				F24E1CC8D68570AF49951ED5 /* Pods-ScheduleAppTests.debug.xcconfig */,
				734AF95035338ECB0359AFB1 /* Pods-ScheduleAppTests.release.xcconfig */,
				40A1475122B7064E01D12891 /* Pods-ScheduleAppUITests.debug.xcconfig */,
				438B0B5C24734DBAAC2BE292 /* Pods-ScheduleAppUITests.release.xcconfig */,
			);
			name = Pods;
			sourceTree = "<group>";
		};
/* End PBXGroup section */

/* Begin PBXNativeTarget section */
		1054FAAD1F4138BF003672DE /* ScheduleApp */ = {
			isa = PBXNativeTarget;
			buildConfigurationList = 1054FAD61F4138BF003672DE /* Build configuration list for PBXNativeTarget "ScheduleApp" */;
			buildPhases = (
				C4121B96560AA7F915433D6F /* [CP] Check Pods Manifest.lock */,
				1054FAAA1F4138BF003672DE /* Sources */,
				1054FAAB1F4138BF003672DE /* Frameworks */,
				1054FAAC1F4138BF003672DE /* Resources */,
				AF41EF4CAB2B289614DA2D95 /* [CP] Embed Pods Frameworks */,
				7413CAD0B94450D6875CCC6B /* [CP] Copy Pods Resources */,
			);
			buildRules = (
			);
			dependencies = (
			);
			name = ScheduleApp;
			productName = ScheduleApp;
			productReference = 1054FAAE1F4138BF003672DE /* ScheduleApp.app */;
			productType = "com.apple.product-type.application";
		};
		1054FAC11F4138BF003672DE /* ScheduleAppTests */ = {
			isa = PBXNativeTarget;
			buildConfigurationList = 1054FAD91F4138BF003672DE /* Build configuration list for PBXNativeTarget "ScheduleAppTests" */;
			buildPhases = (
				879ABC7D16500B4502A98D09 /* [CP] Check Pods Manifest.lock */,
				1054FABE1F4138BF003672DE /* Sources */,
				1054FABF1F4138BF003672DE /* Frameworks */,
				1054FAC01F4138BF003672DE /* Resources */,
				DAE2BCC64D6AD79E8C75F85C /* [CP] Embed Pods Frameworks */,
				D23ECFDD4D1C62DD27031774 /* [CP] Copy Pods Resources */,
			);
			buildRules = (
			);
			dependencies = (
				1054FAC41F4138BF003672DE /* PBXTargetDependency */,
			);
			name = ScheduleAppTests;
			productName = ScheduleAppTests;
			productReference = 1054FAC21F4138BF003672DE /* ScheduleAppTests.xctest */;
			productType = "com.apple.product-type.bundle.unit-test";
		};
		1054FACC1F4138BF003672DE /* ScheduleAppUITests */ = {
			isa = PBXNativeTarget;
			buildConfigurationList = 1054FADC1F4138BF003672DE /* Build configuration list for PBXNativeTarget "ScheduleAppUITests" */;
			buildPhases = (
				03DF045C2BE71CF77803BBF8 /* [CP] Check Pods Manifest.lock */,
				1054FAC91F4138BF003672DE /* Sources */,
				1054FACA1F4138BF003672DE /* Frameworks */,
				1054FACB1F4138BF003672DE /* Resources */,
				F3B7642D2309AD27984A654E /* [CP] Copy Pods Resources */,
				BEE14E26A054C12FC635C811 /* [CP] Embed Pods Frameworks */,
			);
			buildRules = (
			);
			dependencies = (
				1054FACF1F4138BF003672DE /* PBXTargetDependency */,
			);
			name = ScheduleAppUITests;
			productName = ScheduleAppUITests;
			productReference = 1054FACD1F4138BF003672DE /* ScheduleAppUITests.xctest */;
			productType = "com.apple.product-type.bundle.ui-testing";
		};
/* End PBXNativeTarget section */

/* Begin PBXProject section */
		1054FAA61F4138BF003672DE /* Project object */ = {
			isa = PBXProject;
			attributes = {
				LastSwiftUpdateCheck = 0830;
				LastUpgradeCheck = 0830;
				ORGANIZATIONNAME = "Sunday Carpenter";
				TargetAttributes = {
					1054FAAD1F4138BF003672DE = {
						CreatedOnToolsVersion = 8.3.3;
						DevelopmentTeam = KE8PEF6922;
						ProvisioningStyle = Automatic;
					};
					1054FAC11F4138BF003672DE = {
						CreatedOnToolsVersion = 8.3.3;
						DevelopmentTeam = KE8PEF6922;
						LastSwiftMigration = 0830;
						ProvisioningStyle = Automatic;
						TestTargetID = 1054FAAD1F4138BF003672DE;
					};
					1054FACC1F4138BF003672DE = {
						CreatedOnToolsVersion = 8.3.3;
						DevelopmentTeam = KE8PEF6922;
						ProvisioningStyle = Automatic;
						TestTargetID = 1054FAAD1F4138BF003672DE;
					};
				};
			};
			buildConfigurationList = 1054FAA91F4138BF003672DE /* Build configuration list for PBXProject "ScheduleApp" */;
			compatibilityVersion = "Xcode 3.2";
			developmentRegion = English;
			hasScannedForEncodings = 0;
			knownRegions = (
				en,
				Base,
				ja,
			);
			mainGroup = 1054FAA51F4138BF003672DE;
			productRefGroup = 1054FAAF1F4138BF003672DE /* Products */;
			projectDirPath = "";
			projectRoot = "";
			targets = (
				1054FAAD1F4138BF003672DE /* ScheduleApp */,
				1054FAC11F4138BF003672DE /* ScheduleAppTests */,
				1054FACC1F4138BF003672DE /* ScheduleAppUITests */,
			);
		};
/* End PBXProject section */

/* Begin PBXResourcesBuildPhase section */
		1054FAAC1F4138BF003672DE /* Resources */ = {
			isa = PBXResourcesBuildPhase;
			buildActionMask = 2147483647;
			files = (
				10583E5C1F69747500F1E600 /* ScheduleView.strings in Resources */,
				10583E561F69668100F1E600 /* Localizable.strings in Resources */,
				102434E61F6EA7E100E910F6 /* DayView.storyboard in Resources */,
				1054FABC1F4138BF003672DE /* LaunchScreen.storyboard in Resources */,
				102434EB1F6EAD6900E910F6 /* DayViewCell.xib in Resources */,
				1054FAB91F4138BF003672DE /* Assets.xcassets in Resources */,
				1054FAB71F4138BF003672DE /* MonthViewController.storyboard in Resources */,
				10583E631F6977D500F1E600 /* ScheduleView.storyboard in Resources */,
				10F64A351F45D2B80078953F /* MonthViewCell.xib in Resources */,
			);
			runOnlyForDeploymentPostprocessing = 0;
		};
		1054FAC01F4138BF003672DE /* Resources */ = {
			isa = PBXResourcesBuildPhase;
			buildActionMask = 2147483647;
			files = (
			);
			runOnlyForDeploymentPostprocessing = 0;
		};
		1054FACB1F4138BF003672DE /* Resources */ = {
			isa = PBXResourcesBuildPhase;
			buildActionMask = 2147483647;
			files = (
			);
			runOnlyForDeploymentPostprocessing = 0;
		};
/* End PBXResourcesBuildPhase section */

/* Begin PBXShellScriptBuildPhase section */
		03DF045C2BE71CF77803BBF8 /* [CP] Check Pods Manifest.lock */ = {
			isa = PBXShellScriptBuildPhase;
			buildActionMask = 2147483647;
			files = (
			);
			inputPaths = (
			);
			name = "[CP] Check Pods Manifest.lock";
			outputPaths = (
			);
			runOnlyForDeploymentPostprocessing = 0;
			shellPath = /bin/sh;
			shellScript = "diff \"${PODS_ROOT}/../Podfile.lock\" \"${PODS_ROOT}/Manifest.lock\" > /dev/null\nif [[ $? != 0 ]] ; then\n    cat << EOM\nerror: The sandbox is not in sync with the Podfile.lock. Run 'pod install' or update your CocoaPods installation.\nEOM\n    exit 1\nfi\n";
			showEnvVarsInLog = 0;
		};
		7413CAD0B94450D6875CCC6B /* [CP] Copy Pods Resources */ = {
			isa = PBXShellScriptBuildPhase;
			buildActionMask = 2147483647;
			files = (
			);
			inputPaths = (
			);
			name = "[CP] Copy Pods Resources";
			outputPaths = (
			);
			runOnlyForDeploymentPostprocessing = 0;
			shellPath = /bin/sh;
			shellScript = "\"${SRCROOT}/Pods/Target Support Files/Pods-ScheduleApp/Pods-ScheduleApp-resources.sh\"\n";
			showEnvVarsInLog = 0;
		};
		879ABC7D16500B4502A98D09 /* [CP] Check Pods Manifest.lock */ = {
			isa = PBXShellScriptBuildPhase;
			buildActionMask = 2147483647;
			files = (
			);
			inputPaths = (
			);
			name = "[CP] Check Pods Manifest.lock";
			outputPaths = (
			);
			runOnlyForDeploymentPostprocessing = 0;
			shellPath = /bin/sh;
			shellScript = "diff \"${PODS_ROOT}/../Podfile.lock\" \"${PODS_ROOT}/Manifest.lock\" > /dev/null\nif [[ $? != 0 ]] ; then\n    cat << EOM\nerror: The sandbox is not in sync with the Podfile.lock. Run 'pod install' or update your CocoaPods installation.\nEOM\n    exit 1\nfi\n";
			showEnvVarsInLog = 0;
		};
		AF41EF4CAB2B289614DA2D95 /* [CP] Embed Pods Frameworks */ = {
			isa = PBXShellScriptBuildPhase;
			buildActionMask = 2147483647;
			files = (
			);
			inputPaths = (
			);
			name = "[CP] Embed Pods Frameworks";
			outputPaths = (
			);
			runOnlyForDeploymentPostprocessing = 0;
			shellPath = /bin/sh;
			shellScript = "\"${SRCROOT}/Pods/Target Support Files/Pods-ScheduleApp/Pods-ScheduleApp-frameworks.sh\"\n";
			showEnvVarsInLog = 0;
		};
		BEE14E26A054C12FC635C811 /* [CP] Embed Pods Frameworks */ = {
			isa = PBXShellScriptBuildPhase;
			buildActionMask = 2147483647;
			files = (
			);
			inputPaths = (
			);
			name = "[CP] Embed Pods Frameworks";
			outputPaths = (
			);
			runOnlyForDeploymentPostprocessing = 0;
			shellPath = /bin/sh;
			shellScript = "\"${SRCROOT}/Pods/Target Support Files/Pods-ScheduleAppUITests/Pods-ScheduleAppUITests-frameworks.sh\"\n";
			showEnvVarsInLog = 0;
		};
		C4121B96560AA7F915433D6F /* [CP] Check Pods Manifest.lock */ = {
			isa = PBXShellScriptBuildPhase;
			buildActionMask = 2147483647;
			files = (
			);
			inputPaths = (
			);
			name = "[CP] Check Pods Manifest.lock";
			outputPaths = (
			);
			runOnlyForDeploymentPostprocessing = 0;
			shellPath = /bin/sh;
			shellScript = "diff \"${PODS_ROOT}/../Podfile.lock\" \"${PODS_ROOT}/Manifest.lock\" > /dev/null\nif [[ $? != 0 ]] ; then\n    cat << EOM\nerror: The sandbox is not in sync with the Podfile.lock. Run 'pod install' or update your CocoaPods installation.\nEOM\n    exit 1\nfi\n";
			showEnvVarsInLog = 0;
		};
		D23ECFDD4D1C62DD27031774 /* [CP] Copy Pods Resources */ = {
			isa = PBXShellScriptBuildPhase;
			buildActionMask = 2147483647;
			files = (
			);
			inputPaths = (
			);
			name = "[CP] Copy Pods Resources";
			outputPaths = (
			);
			runOnlyForDeploymentPostprocessing = 0;
			shellPath = /bin/sh;
			shellScript = "\"${SRCROOT}/Pods/Target Support Files/Pods-ScheduleAppTests/Pods-ScheduleAppTests-resources.sh\"\n";
			showEnvVarsInLog = 0;
		};
		DAE2BCC64D6AD79E8C75F85C /* [CP] Embed Pods Frameworks */ = {
			isa = PBXShellScriptBuildPhase;
			buildActionMask = 2147483647;
			files = (
			);
			inputPaths = (
			);
			name = "[CP] Embed Pods Frameworks";
			outputPaths = (
			);
			runOnlyForDeploymentPostprocessing = 0;
			shellPath = /bin/sh;
			shellScript = "\"${SRCROOT}/Pods/Target Support Files/Pods-ScheduleAppTests/Pods-ScheduleAppTests-frameworks.sh\"\n";
			showEnvVarsInLog = 0;
		};
		F3B7642D2309AD27984A654E /* [CP] Copy Pods Resources */ = {
			isa = PBXShellScriptBuildPhase;
			buildActionMask = 2147483647;
			files = (
			);
			inputPaths = (
			);
			name = "[CP] Copy Pods Resources";
			outputPaths = (
			);
			runOnlyForDeploymentPostprocessing = 0;
			shellPath = /bin/sh;
			shellScript = "\"${SRCROOT}/Pods/Target Support Files/Pods-ScheduleAppUITests/Pods-ScheduleAppUITests-resources.sh\"\n";
			showEnvVarsInLog = 0;
		};
/* End PBXShellScriptBuildPhase section */

/* Begin PBXSourcesBuildPhase section */
		1054FAAA1F4138BF003672DE /* Sources */ = {
			isa = PBXSourcesBuildPhase;
			buildActionMask = 2147483647;
			files = (
				102434E41F6EA7C300E910F6 /* DayViewController.swift in Sources */,
				108D2AD61F49C90900224DE9 /* Utility.swift in Sources */,
				1054FAB41F4138BF003672DE /* MonthViewController.swift in Sources */,
				10DC3C551F6525F400FE7828 /* IndicatorDataProvider.swift in Sources */,
				10583E611F69779E00F1E600 /* ScheduleViewController.swift in Sources */,
				1085E4A71F4B1EF4005C020C /* Date+Calc.swift in Sources */,
				108D2AD41F49C03100224DE9 /* MonthViewSettings.swift in Sources */,
				1054FAF41F413FE6003672DE /* ScheduleDao.swift in Sources */,
				102434ED1F6EADB400E910F6 /* DayViewProvider.swift in Sources */,
				10F64A341F45D2B80078953F /* MonthViewCell.swift in Sources */,
				108B2FD91F8B87E000925A69 /* ViewController+Create.swift in Sources */,
				102434EF1F6EB3C700E910F6 /* DayViewSettings.swift in Sources */,
				10FDBABA1F5A8FAA00D627B1 /* CommonDefines.swift in Sources */,
				1054FAED1F413F0D003672DE /* FMDBHelper.swift in Sources */,
				102434EA1F6EAD6900E910F6 /* DayViewCell.swift in Sources */,
				10583E531F6965A500F1E600 /* String+Localized.swift in Sources */,
				109AD4221F73F2620051B56B /* Array+Unique.swift in Sources */,
				1085E4A51F4A5D75005C020C /* MonthViewFlowLayout.swift in Sources */,
				1054FAB21F4138BF003672DE /* AppDelegate.swift in Sources */,
				1054FAF21F413FBA003672DE /* ScheduleDto.swift in Sources */,
				E0436A861F4673C9001C8676 /* MonthViewProvider.swift in Sources */,
				1054FAF01F413F7F003672DE /* String+Path.swift in Sources */,
			);
			runOnlyForDeploymentPostprocessing = 0;
		};
		1054FABE1F4138BF003672DE /* Sources */ = {
			isa = PBXSourcesBuildPhase;
			buildActionMask = 2147483647;
			files = (
				108D2AD81F49C99900224DE9 /* UtilityTest.swift in Sources */,
				E0436A881F467A37001C8676 /* MonthViewProviderTest.swift in Sources */,
				1054FAF61F414027003672DE /* ScheduleDaoTest.swift in Sources */,
				10FDBABE1F5A96E800D627B1 /* TestCommonDefines.swift in Sources */,
				102434F11F6EBA7200E910F6 /* DayViewProviderTests.swift in Sources */,
				1085E4A91F4B2013005C020C /* DateExtensionTest.swift in Sources */,
				109AD4241F76AD610051B56B /* DayViewCellTest.swift in Sources */,
				10DC3C591F66259400FE7828 /* IndicatorDataProviderTest.swift in Sources */,
				109C0A3D1F8080A200BC4F48 /* TestUtility.swift in Sources */,
				E0436A8A1F4685AB001C8676 /* MonthViewCellTest.swift in Sources */,
			);
			runOnlyForDeploymentPostprocessing = 0;
		};
		1054FAC91F4138BF003672DE /* Sources */ = {
			isa = PBXSourcesBuildPhase;
			buildActionMask = 2147483647;
			files = (
				1054FAD21F4138BF003672DE /* ScheduleAppUITests.swift in Sources */,
			);
			runOnlyForDeploymentPostprocessing = 0;
		};
/* End PBXSourcesBuildPhase section */

/* Begin PBXTargetDependency section */
		1054FAC41F4138BF003672DE /* PBXTargetDependency */ = {
			isa = PBXTargetDependency;
			target = 1054FAAD1F4138BF003672DE /* ScheduleApp */;
			targetProxy = 1054FAC31F4138BF003672DE /* PBXContainerItemProxy */;
		};
		1054FACF1F4138BF003672DE /* PBXTargetDependency */ = {
			isa = PBXTargetDependency;
			target = 1054FAAD1F4138BF003672DE /* ScheduleApp */;
			targetProxy = 1054FACE1F4138BF003672DE /* PBXContainerItemProxy */;
		};
/* End PBXTargetDependency section */

/* Begin PBXVariantGroup section */
		1054FAB51F4138BF003672DE /* MonthViewController.storyboard */ = {
			isa = PBXVariantGroup;
			children = (
				1054FAB61F4138BF003672DE /* Base */,
			);
			name = MonthViewController.storyboard;
			path = .;
			sourceTree = "<group>";
		};
		1054FABA1F4138BF003672DE /* LaunchScreen.storyboard */ = {
			isa = PBXVariantGroup;
			children = (
				1054FABB1F4138BF003672DE /* Base */,
			);
			name = LaunchScreen.storyboard;
			path = ../Controllers/.;
			sourceTree = "<group>";
		};
		10583E581F69668100F1E600 /* Localizable.strings */ = {
			isa = PBXVariantGroup;
			children = (
				10583E571F69668100F1E600 /* Base */,
				10583E591F6966A400F1E600 /* ja */,
			);
			name = Localizable.strings;
			sourceTree = "<group>";
		};
		10583E5E1F69747500F1E600 /* ScheduleView.strings */ = {
			isa = PBXVariantGroup;
			children = (
				10583E5D1F69747500F1E600 /* Base */,
				10583E5F1F6974FE00F1E600 /* ja */,
			);
			name = ScheduleView.strings;
			sourceTree = "<group>";
		};
/* End PBXVariantGroup section */

/* Begin XCBuildConfiguration section */
		1054FAD41F4138BF003672DE /* Debug */ = {
			isa = XCBuildConfiguration;
			buildSettings = {
				ALWAYS_SEARCH_USER_PATHS = NO;
				CLANG_ANALYZER_LOCALIZABILITY_NONLOCALIZED = YES;
				CLANG_ANALYZER_NONNULL = YES;
				CLANG_ANALYZER_NUMBER_OBJECT_CONVERSION = YES_AGGRESSIVE;
				CLANG_CXX_LANGUAGE_STANDARD = "gnu++0x";
				CLANG_CXX_LIBRARY = "libc++";
				CLANG_ENABLE_MODULES = YES;
				CLANG_ENABLE_OBJC_ARC = YES;
				CLANG_WARN_BOOL_CONVERSION = YES;
				CLANG_WARN_CONSTANT_CONVERSION = YES;
				CLANG_WARN_DIRECT_OBJC_ISA_USAGE = YES_ERROR;
				CLANG_WARN_DOCUMENTATION_COMMENTS = YES;
				CLANG_WARN_EMPTY_BODY = YES;
				CLANG_WARN_ENUM_CONVERSION = YES;
				CLANG_WARN_INFINITE_RECURSION = YES;
				CLANG_WARN_INT_CONVERSION = YES;
				CLANG_WARN_OBJC_ROOT_CLASS = YES_ERROR;
				CLANG_WARN_SUSPICIOUS_MOVE = YES;
				CLANG_WARN_UNREACHABLE_CODE = YES;
				CLANG_WARN__DUPLICATE_METHOD_MATCH = YES;
				"CODE_SIGN_IDENTITY[sdk=iphoneos*]" = "iPhone Developer";
				COPY_PHASE_STRIP = NO;
				DEBUG_INFORMATION_FORMAT = dwarf;
				ENABLE_STRICT_OBJC_MSGSEND = YES;
				ENABLE_TESTABILITY = YES;
				GCC_C_LANGUAGE_STANDARD = gnu99;
				GCC_DYNAMIC_NO_PIC = NO;
				GCC_NO_COMMON_BLOCKS = YES;
				GCC_OPTIMIZATION_LEVEL = 0;
				GCC_PREPROCESSOR_DEFINITIONS = (
					"DEBUG=1",
					"$(inherited)",
				);
				GCC_WARN_64_TO_32_BIT_CONVERSION = YES;
				GCC_WARN_ABOUT_RETURN_TYPE = YES_ERROR;
				GCC_WARN_UNDECLARED_SELECTOR = YES;
				GCC_WARN_UNINITIALIZED_AUTOS = YES_AGGRESSIVE;
				GCC_WARN_UNUSED_FUNCTION = YES;
				GCC_WARN_UNUSED_VARIABLE = YES;
				IPHONEOS_DEPLOYMENT_TARGET = 10.0;
				MTL_ENABLE_DEBUG_INFO = YES;
				ONLY_ACTIVE_ARCH = YES;
				SDKROOT = iphoneos;
				SWIFT_ACTIVE_COMPILATION_CONDITIONS = DEBUG;
				SWIFT_OPTIMIZATION_LEVEL = "-Onone";
			};
			name = Debug;
		};
		1054FAD51F4138BF003672DE /* Release */ = {
			isa = XCBuildConfiguration;
			buildSettings = {
				ALWAYS_SEARCH_USER_PATHS = NO;
				CLANG_ANALYZER_LOCALIZABILITY_NONLOCALIZED = YES;
				CLANG_ANALYZER_NONNULL = YES;
				CLANG_ANALYZER_NUMBER_OBJECT_CONVERSION = YES_AGGRESSIVE;
				CLANG_CXX_LANGUAGE_STANDARD = "gnu++0x";
				CLANG_CXX_LIBRARY = "libc++";
				CLANG_ENABLE_MODULES = YES;
				CLANG_ENABLE_OBJC_ARC = YES;
				CLANG_WARN_BOOL_CONVERSION = YES;
				CLANG_WARN_CONSTANT_CONVERSION = YES;
				CLANG_WARN_DIRECT_OBJC_ISA_USAGE = YES_ERROR;
				CLANG_WARN_DOCUMENTATION_COMMENTS = YES;
				CLANG_WARN_EMPTY_BODY = YES;
				CLANG_WARN_ENUM_CONVERSION = YES;
				CLANG_WARN_INFINITE_RECURSION = YES;
				CLANG_WARN_INT_CONVERSION = YES;
				CLANG_WARN_OBJC_ROOT_CLASS = YES_ERROR;
				CLANG_WARN_SUSPICIOUS_MOVE = YES;
				CLANG_WARN_UNREACHABLE_CODE = YES;
				CLANG_WARN__DUPLICATE_METHOD_MATCH = YES;
				"CODE_SIGN_IDENTITY[sdk=iphoneos*]" = "iPhone Developer";
				COPY_PHASE_STRIP = NO;
				DEBUG_INFORMATION_FORMAT = "dwarf-with-dsym";
				ENABLE_NS_ASSERTIONS = NO;
				ENABLE_STRICT_OBJC_MSGSEND = YES;
				GCC_C_LANGUAGE_STANDARD = gnu99;
				GCC_NO_COMMON_BLOCKS = YES;
				GCC_WARN_64_TO_32_BIT_CONVERSION = YES;
				GCC_WARN_ABOUT_RETURN_TYPE = YES_ERROR;
				GCC_WARN_UNDECLARED_SELECTOR = YES;
				GCC_WARN_UNINITIALIZED_AUTOS = YES_AGGRESSIVE;
				GCC_WARN_UNUSED_FUNCTION = YES;
				GCC_WARN_UNUSED_VARIABLE = YES;
				IPHONEOS_DEPLOYMENT_TARGET = 10.0;
				MTL_ENABLE_DEBUG_INFO = NO;
				SDKROOT = iphoneos;
				SWIFT_OPTIMIZATION_LEVEL = "-Owholemodule";
				VALIDATE_PRODUCT = YES;
			};
			name = Release;
		};
		1054FAD71F4138BF003672DE /* Debug */ = {
			isa = XCBuildConfiguration;
			baseConfigurationReference = 2FEF57F6384448A8F72F13E1 /* Pods-ScheduleApp.debug.xcconfig */;
			buildSettings = {
				ASSETCATALOG_COMPILER_APPICON_NAME = AppIcon;
				DEVELOPMENT_TEAM = KE8PEF6922;
				INFOPLIST_FILE = ScheduleApp/Others/Info.plist;
				IPHONEOS_DEPLOYMENT_TARGET = 9.0;
				LD_RUNPATH_SEARCH_PATHS = "$(inherited) @executable_path/Frameworks";
				PRODUCT_BUNDLE_IDENTIFIER = com.sundaycarpenter.ScheduleApp;
				PRODUCT_NAME = "$(TARGET_NAME)";
				SWIFT_VERSION = 3.0;
			};
			name = Debug;
		};
		1054FAD81F4138BF003672DE /* Release */ = {
			isa = XCBuildConfiguration;
			baseConfigurationReference = 5CFBCF4C0F2F23980A8A0B0B /* Pods-ScheduleApp.release.xcconfig */;
			buildSettings = {
				ASSETCATALOG_COMPILER_APPICON_NAME = AppIcon;
				DEVELOPMENT_TEAM = KE8PEF6922;
				INFOPLIST_FILE = ScheduleApp/Others/Info.plist;
				IPHONEOS_DEPLOYMENT_TARGET = 9.0;
				LD_RUNPATH_SEARCH_PATHS = "$(inherited) @executable_path/Frameworks";
				PRODUCT_BUNDLE_IDENTIFIER = com.sundaycarpenter.ScheduleApp;
				PRODUCT_NAME = "$(TARGET_NAME)";
				SWIFT_VERSION = 3.0;
			};
			name = Release;
		};
		1054FADA1F4138BF003672DE /* Debug */ = {
			isa = XCBuildConfiguration;
			baseConfigurationReference = F24E1CC8D68570AF49951ED5 /* Pods-ScheduleAppTests.debug.xcconfig */;
			buildSettings = {
				ALWAYS_EMBED_SWIFT_STANDARD_LIBRARIES = YES;
				BUNDLE_LOADER = "$(TEST_HOST)";
				CLANG_ENABLE_MODULES = YES;
				DEVELOPMENT_TEAM = KE8PEF6922;
				INFOPLIST_FILE = ScheduleAppTests/Info.plist;
				LD_RUNPATH_SEARCH_PATHS = "$(inherited) @executable_path/Frameworks @loader_path/Frameworks";
				PRODUCT_BUNDLE_IDENTIFIER = com.sundaycarpenter.ScheduleAppTests;
				PRODUCT_NAME = "$(TARGET_NAME)";
				SWIFT_OPTIMIZATION_LEVEL = "-Onone";
				SWIFT_VERSION = 3.0;
				TEST_HOST = "$(BUILT_PRODUCTS_DIR)/ScheduleApp.app/ScheduleApp";
			};
			name = Debug;
		};
		1054FADB1F4138BF003672DE /* Release */ = {
			isa = XCBuildConfiguration;
			baseConfigurationReference = 734AF95035338ECB0359AFB1 /* Pods-ScheduleAppTests.release.xcconfig */;
			buildSettings = {
				ALWAYS_EMBED_SWIFT_STANDARD_LIBRARIES = YES;
				BUNDLE_LOADER = "$(TEST_HOST)";
				CLANG_ENABLE_MODULES = YES;
				DEVELOPMENT_TEAM = KE8PEF6922;
				INFOPLIST_FILE = ScheduleAppTests/Info.plist;
				LD_RUNPATH_SEARCH_PATHS = "$(inherited) @executable_path/Frameworks @loader_path/Frameworks";
				PRODUCT_BUNDLE_IDENTIFIER = com.sundaycarpenter.ScheduleAppTests;
				PRODUCT_NAME = "$(TARGET_NAME)";
				SWIFT_VERSION = 3.0;
				TEST_HOST = "$(BUILT_PRODUCTS_DIR)/ScheduleApp.app/ScheduleApp";
			};
			name = Release;
		};
		1054FADD1F4138BF003672DE /* Debug */ = {
			isa = XCBuildConfiguration;
			baseConfigurationReference = 40A1475122B7064E01D12891 /* Pods-ScheduleAppUITests.debug.xcconfig */;
			buildSettings = {
				ALWAYS_EMBED_SWIFT_STANDARD_LIBRARIES = YES;
				DEVELOPMENT_TEAM = KE8PEF6922;
				INFOPLIST_FILE = ScheduleAppUITests/Info.plist;
				LD_RUNPATH_SEARCH_PATHS = "$(inherited) @executable_path/Frameworks @loader_path/Frameworks";
				PRODUCT_BUNDLE_IDENTIFIER = com.sundaycarpenter.ScheduleAppUITests;
				PRODUCT_NAME = "$(TARGET_NAME)";
				SWIFT_VERSION = 3.0;
				TEST_TARGET_NAME = ScheduleApp;
			};
			name = Debug;
		};
		1054FADE1F4138BF003672DE /* Release */ = {
			isa = XCBuildConfiguration;
			baseConfigurationReference = 438B0B5C24734DBAAC2BE292 /* Pods-ScheduleAppUITests.release.xcconfig */;
			buildSettings = {
				ALWAYS_EMBED_SWIFT_STANDARD_LIBRARIES = YES;
				DEVELOPMENT_TEAM = KE8PEF6922;
				INFOPLIST_FILE = ScheduleAppUITests/Info.plist;
				LD_RUNPATH_SEARCH_PATHS = "$(inherited) @executable_path/Frameworks @loader_path/Frameworks";
				PRODUCT_BUNDLE_IDENTIFIER = com.sundaycarpenter.ScheduleAppUITests;
				PRODUCT_NAME = "$(TARGET_NAME)";
				SWIFT_VERSION = 3.0;
				TEST_TARGET_NAME = ScheduleApp;
			};
			name = Release;
		};
/* End XCBuildConfiguration section */

/* Begin XCConfigurationList section */
		1054FAA91F4138BF003672DE /* Build configuration list for PBXProject "ScheduleApp" */ = {
			isa = XCConfigurationList;
			buildConfigurations = (
				1054FAD41F4138BF003672DE /* Debug */,
				1054FAD51F4138BF003672DE /* Release */,
			);
			defaultConfigurationIsVisible = 0;
			defaultConfigurationName = Release;
		};
		1054FAD61F4138BF003672DE /* Build configuration list for PBXNativeTarget "ScheduleApp" */ = {
			isa = XCConfigurationList;
			buildConfigurations = (
				1054FAD71F4138BF003672DE /* Debug */,
				1054FAD81F4138BF003672DE /* Release */,
			);
			defaultConfigurationIsVisible = 0;
			defaultConfigurationName = Release;
		};
		1054FAD91F4138BF003672DE /* Build configuration list for PBXNativeTarget "ScheduleAppTests" */ = {
			isa = XCConfigurationList;
			buildConfigurations = (
				1054FADA1F4138BF003672DE /* Debug */,
				1054FADB1F4138BF003672DE /* Release */,
			);
			defaultConfigurationIsVisible = 0;
			defaultConfigurationName = Release;
		};
		1054FADC1F4138BF003672DE /* Build configuration list for PBXNativeTarget "ScheduleAppUITests" */ = {
			isa = XCConfigurationList;
			buildConfigurations = (
				1054FADD1F4138BF003672DE /* Debug */,
				1054FADE1F4138BF003672DE /* Release */,
			);
			defaultConfigurationIsVisible = 0;
			defaultConfigurationName = Release;
		};
/* End XCConfigurationList section */
	};
	rootObject = 1054FAA61F4138BF003672DE /* Project object */;
}
